
Microsoft Visual Studio Solution File, Format Version 12.00
# Visual Studio Version 17
VisualStudioVersion = 17.7.34202.233
MinimumVisualStudioVersion = 10.0.40219.1
Project("{FAE04EC0-301F-11D3-BF4B-00C04F79EFBC}") = "entityframworkEx", "entityframworkEx\entityframworkEx.csproj", "{7FFFDBB9-10B6-406B-83B9-AE867188B47E}"
EndProject
Global
	GlobalSection(SolutionConfigurationPlatforms) = preSolution
		Debug|Any CPU = Debug|Any CPU
		Release|Any CPU = Release|Any CPU
	EndGlobalSection
	GlobalSection(ProjectConfigurationPlatforms) = postSolution
		{7FFFDBB9-10B6-406B-83B9-AE867188B47E}.Debug|Any CPU.ActiveCfg = Debug|Any CPU
		{7FFFDBB9-10B6-406B-83B9-AE867188B47E}.Debug|Any CPU.Build.0 = Debug|Any CPU
		{7FFFDBB9-10B6-406B-83B9-AE867188B47E}.Release|Any CPU.ActiveCfg = Release|Any CPU
		{7FFFDBB9-10B6-406B-83B9-AE867188B47E}.Release|Any CPU.Build.0 = Release|Any CPU
	EndGlobalSection
	GlobalSection(SolutionProperties) = preSolution
		HideSolutionNode = FALSE
	EndGlobalSection
	GlobalSection(ExtensibilityGlobals) = postSolution
		SolutionGuid = {9E1C766C-7D00-4FBD-92D7-913A487AB962}
	EndGlobalSection
EndGlobal
